{
  "version": 4,
  "terraform_version": "1.3.2",
  "serial": 27,
  "lineage": "c5a3b15b-9dee-d1da-6289-54b7cb515568",
  "outputs": {},
  "resources": [
    {
      "mode": "managed",
      "type": "google_compute_instance",
      "name": "jenkinsvm",
      "provider": "provider[\"registry.terraform.io/hashicorp/google\"]",
      "instances": [
        {
          "schema_version": 6,
          "attributes": {
            "allow_stopping_for_update": null,
            "attached_disk": [],
            "boot_disk": [
              {
                "auto_delete": true,
                "device_name": "persistent-disk-0",
                "disk_encryption_key_raw": "",
                "disk_encryption_key_sha256": "",
                "initialize_params": [
                  {
                    "image": "https://www.googleapis.com/compute/v1/projects/debian-cloud/global/images/debian-11-bullseye-v20220920",
                    "labels": {},
                    "size": 10,
                    "type": "pd-standard"
                  }
                ],
                "kms_key_self_link": "",
                "mode": "READ_WRITE",
                "source": "https://www.googleapis.com/compute/v1/projects/kubenews-366023/zones/southamerica-east1-a/disks/jenkinsvm"
              }
            ],
            "can_ip_forward": false,
            "cpu_platform": "Intel Broadwell",
            "deletion_protection": false,
            "description": "",
            "enable_display": false,
            "guest_accelerator": [],
            "hostname": "",
            "id": "projects/kubenews-366023/zones/southamerica-east1-a/instances/jenkinsvm",
            "instance_id": "4891065015630371938",
            "label_fingerprint": "42WmSpB8rSM=",
            "labels": {},
            "machine_type": "e2-micro",
            "metadata": {},
            "metadata_fingerprint": "Ni2_lqEzuUM=",
            "metadata_startup_script": "echo hi \u003e /test.txt",
            "min_cpu_platform": "",
            "name": "jenkinsvm",
            "network_interface": [
              {
                "access_config": [
                  {
                    "nat_ip": "34.95.241.199",
                    "network_tier": "PREMIUM",
                    "public_ptr_domain_name": ""
                  }
                ],
                "alias_ip_range": [],
                "name": "nic0",
                "network": "https://www.googleapis.com/compute/v1/projects/kubenews-366023/global/networks/default",
                "network_ip": "10.158.0.2",
                "subnetwork": "https://www.googleapis.com/compute/v1/projects/kubenews-366023/regions/southamerica-east1/subnetworks/default",
                "subnetwork_project": "kubenews-366023"
              }
            ],
            "project": "kubenews-366023",
            "scheduling": [
              {
                "automatic_restart": true,
                "node_affinities": [],
                "on_host_maintenance": "MIGRATE",
                "preemptible": false
              }
            ],
            "scratch_disk": [],
            "self_link": "https://www.googleapis.com/compute/v1/projects/kubenews-366023/zones/southamerica-east1-a/instances/jenkinsvm",
            "service_account": [],
            "shielded_instance_config": [
              {
                "enable_integrity_monitoring": true,
                "enable_secure_boot": false,
                "enable_vtpm": true
              }
            ],
            "tags": [],
            "tags_fingerprint": "42WmSpB8rSM=",
            "timeouts": null,
            "zone": "southamerica-east1-a"
          },
          "sensitive_attributes": [],
          "private": "eyJlMmJmYjczMC1lY2FhLTExZTYtOGY4OC0zNDM2M2JjN2M0YzAiOnsiY3JlYXRlIjoxMjAwMDAwMDAwMDAwLCJkZWxldGUiOjEyMDAwMDAwMDAwMDAsInVwZGF0ZSI6MTIwMDAwMDAwMDAwMH0sInNjaGVtYV92ZXJzaW9uIjoiNiJ9"
        }
      ]
    },
    {
      "mode": "managed",
      "type": "google_container_cluster",
      "name": "primary",
      "provider": "provider[\"registry.terraform.io/hashicorp/google\"]",
      "instances": [
        {
          "schema_version": 1,
          "attributes": {
            "additional_zones": [],
            "addons_config": [
              {
                "horizontal_pod_autoscaling": [],
                "http_load_balancing": [],
                "kubernetes_dashboard": [],
                "network_policy_config": [
                  {
                    "disabled": true
                  }
                ]
              }
            ],
            "authenticator_groups_config": [],
            "cluster_autoscaling": [
              {
                "auto_provisioning_defaults": [],
                "enabled": false,
                "resource_limits": []
              }
            ],
            "cluster_ipv4_cidr": "10.12.0.0/14",
            "default_max_pods_per_node": 110,
            "description": "",
            "enable_binary_authorization": null,
            "enable_intranode_visibility": null,
            "enable_kubernetes_alpha": false,
            "enable_legacy_abac": false,
            "enable_tpu": null,
            "endpoint": "35.198.43.234",
            "id": "projects/kubenews-366023/locations/southamerica-east1-a/clusters/my-gke-cluster",
            "initial_node_count": 1,
            "instance_group_urls": [],
            "ip_allocation_policy": [
              {
                "cluster_ipv4_cidr_block": "10.12.0.0/14",
                "cluster_secondary_range_name": "gke-my-gke-cluster-pods-de1c9c7d",
                "create_subnetwork": false,
                "node_ipv4_cidr_block": "",
                "services_ipv4_cidr_block": "10.16.0.0/20",
                "services_secondary_range_name": "gke-my-gke-cluster-services-de1c9c7d",
                "subnetwork_name": "",
                "use_ip_aliases": false
              }
            ],
            "location": "southamerica-east1-a",
            "logging_service": "logging.googleapis.com/kubernetes",
            "maintenance_policy": [],
            "master_auth": [
              {
                "client_certificate": "",
                "client_certificate_config": [
                  {
                    "issue_client_certificate": false
                  }
                ],
                "client_key": "",
                "cluster_ca_certificate": "LS0tLS1CRUdJTiBDRVJUSUZJQ0FURS0tLS0tCk1JSUVMRENDQXBTZ0F3SUJBZ0lRUjFnVU9lbURyTit5VG5uMjZZdnp1ekFOQmdrcWhraUc5dzBCQVFzRkFEQXYKTVMwd0t3WURWUVFERXlSbFlUaGlaRE0xWWkweE1tUmxMVFExTWpVdFlUVXhZeTB6TkRJek56Y3laamcyTkdVdwpJQmNOTWpJeE1ESXdNREV3T0RJNVdoZ1BNakExTWpFd01USXdNakE0TWpsYU1DOHhMVEFyQmdOVkJBTVRKR1ZoCk9HSmtNelZpTFRFeVpHVXRORFV5TlMxaE5URmpMVE0wTWpNM056Sm1PRFkwWlRDQ0FhSXdEUVlKS29aSWh2Y04KQVFFQkJRQURnZ0dQQURDQ0FZb0NnZ0dCQUt3ZUpSRXRrU2E0d0ZkOGpsMXNpYzZiczBvbEVieDkyZkluWlh4bAp2NFlrVTV3ZjY5SkdXODc0eVlvZzAwRWFRMmFxc3NmQ2FFaVpaTk4weG9uWXlkbmFybmFtTmk2bmJLRnl3eHAzCk1BdC90MlJsZVM2djhhM0EyUnJCUG1KeklsR2tVQlI3Zm9kanlwdzdyN0lHYjBXc21mVi9qdXlSTFg3ZkpucnUKMktJUUpkMGw3UXZOa1UyMGlFNkh2ejVNbmlTeDlhV1d3L0FFUmV2MWc5U01QY216ZUlLYzNvNmJLMHN5ak43cwpMV0VZd3kvd3dPUWlQa0FmVDEySGh1Z0YwOVJtRWdmMWhFNnFodmVEMEw4WVNBNlA1azVoYVlIOVV3cnlJNU9nCm5HdGNtUWh1UHZUd3VYekVFNjhFZE1UcGY3SVpTMFB2ZVhzRlovaElvRjBKZkNlOTZsS2FnTDBtMlMzbng1dTEKRU9vN1RYLzhGQkZiVk9iNk55Q0RGMmgxT2daeXRiWjlrQUg2Tzg3dEg4allNZFlzVFY3YVlJdTZXcVNpMElybgpobUhtTDVsK1ZGMERlRnV2OCtFVCt5enBOS3Y5M3VwbUlRMTU5d1gxUGVNL2pTcmk3ZUQramV4UWc5NWVaYnhvCnlUVVV3UXNzdXlCRVYzUDRkWlFkMlFnNVBRSURBUUFCbzBJd1FEQU9CZ05WSFE4QkFmOEVCQU1DQWdRd0R3WUQKVlIwVEFRSC9CQVV3QXdFQi96QWRCZ05WSFE0RUZnUVVRSE9wU3pNQkNVUXY1OFZ2UnpVUlNkRFdRSTh3RFFZSgpLb1pJaHZjTkFRRUxCUUFEZ2dHQkFJSS9pVUZ4MkErZTkzYW9xS2tZclRuZU1sbkYvaTFtekFRZHV4SDJZazR4CjNLdk8yb2NDaSt0ZldycHVyUUJPdXI4WUE2SWYyMHpXM0ZKL2tJUXF3clpiRXVJY09lcE8zTVA0NVppR3ZBSHUKbmlRK0tTU0JVeDduQ3NONkVaM3cvTEVuT0lhT0F6VGVWTUpGODBnUFkwd3pYdERnMHZmSUpRaFlSQTIzQTZFMAprRG8vR3hrTzgydXB4aHkwWFV5SGZlZm9DTUVWdzl4cXg0TUxGYTVYMm8yQ1ZiZXhzYXlIV1VNVzBKQXNBc2FpCkZwVCtHZ2QxQ01LYzhNaWxvMENDNmtqNW1iSTg3dVVEUEpQN2Y2bVkzLzYzaEt3VHRXMTZLSElSMDcrR0hLbUsKSUZIdDkxMUI0QndpOGM5WHVKYkpXYmw4OW1TczNVZEY3VW8rd2V0ODVEeFRYOHdQQjltSVZWQythZTlCUFhjUAowNjFtTzBKMDZFaHkzdDV2VVRTclkzNkR6ZjM4ZUJERnBqQnJUUEgrMGFEVXJqSkM0bytEdWV0OFMyL1pFaE5CCi9JZi92MWxkY3Q0bDJoY2FRU2h4UVp0enNZRUExNTNRR0VwMGMyRCszc2VESDVVMHNCR2svczFQNmF4dlg1cHgKUS92cFFxK3VkcHNVZjlOSGZSblI3UT09Ci0tLS0tRU5EIENFUlRJRklDQVRFLS0tLS0K",
                "password": "",
                "username": ""
              }
            ],
            "master_authorized_networks_config": [],
            "master_version": "1.22.12-gke.2300",
            "min_master_version": null,
            "monitoring_service": "monitoring.googleapis.com/kubernetes",
            "name": "my-gke-cluster",
            "network": "projects/kubenews-366023/global/networks/default",
            "network_policy": [
              {
                "enabled": false,
                "provider": "PROVIDER_UNSPECIFIED"
              }
            ],
            "node_config": [],
            "node_locations": [],
            "node_pool": [],
            "node_version": "1.22.12-gke.2300",
            "operation": null,
            "pod_security_policy_config": null,
            "private_cluster_config": [],
            "project": "kubenews-366023",
            "region": null,
            "remove_default_node_pool": true,
            "resource_labels": null,
            "services_ipv4_cidr": "10.16.0.0/20",
            "subnetwork": "projects/kubenews-366023/regions/southamerica-east1/subnetworks/default",
            "timeouts": null,
            "vertical_pod_autoscaling": [],
            "zone": null
          },
          "sensitive_attributes": [],
          "private": "eyJlMmJmYjczMC1lY2FhLTExZTYtOGY4OC0zNDM2M2JjN2M0YzAiOnsiY3JlYXRlIjoyNDAwMDAwMDAwMDAwLCJkZWxldGUiOjI0MDAwMDAwMDAwMDAsInVwZGF0ZSI6MzYwMDAwMDAwMDAwMH0sInNjaGVtYV92ZXJzaW9uIjoiMSJ9"
        }
      ]
    },
    {
      "mode": "managed",
      "type": "google_container_node_pool",
      "name": "primary_preemptible_nodes",
      "provider": "provider[\"registry.terraform.io/hashicorp/google\"]",
      "instances": [
        {
          "schema_version": 1,
          "attributes": {
            "autoscaling": [],
            "cluster": "my-gke-cluster",
            "id": "projects/kubenews-366023/locations/southamerica-east1-a/clusters/my-gke-cluster/nodePools/my-node-pool",
            "initial_node_count": 2,
            "instance_group_urls": [
              "https://www.googleapis.com/compute/v1/projects/kubenews-366023/zones/southamerica-east1-a/instanceGroupManagers/gke-my-gke-cluster-my-node-pool-01d45c7b-grp"
            ],
            "location": "southamerica-east1-a",
            "management": [
              {
                "auto_repair": true,
                "auto_upgrade": true
              }
            ],
            "max_pods_per_node": 110,
            "name": "my-node-pool",
            "name_prefix": "",
            "node_config": [
              {
                "disk_size_gb": 100,
                "disk_type": "pd-standard",
                "guest_accelerator": [],
                "image_type": "COS_CONTAINERD",
                "labels": {},
                "local_ssd_count": 0,
                "machine_type": "e2-micro",
                "metadata": {
                  "disable-legacy-endpoints": "true"
                },
                "min_cpu_platform": "",
                "oauth_scopes": [
                  "https://www.googleapis.com/auth/logging.write",
                  "https://www.googleapis.com/auth/monitoring"
                ],
                "preemptible": false,
                "sandbox_config": [],
                "service_account": "default",
                "shielded_instance_config": [
                  {
                    "enable_integrity_monitoring": true,
                    "enable_secure_boot": false
                  }
                ],
                "tags": null,
                "taint": [],
                "workload_metadata_config": []
              }
            ],
            "node_count": 2,
            "project": "kubenews-366023",
            "region": null,
            "timeouts": null,
            "version": "1.22.12-gke.2300",
            "zone": null
          },
          "sensitive_attributes": [],
          "private": "eyJlMmJmYjczMC1lY2FhLTExZTYtOGY4OC0zNDM2M2JjN2M0YzAiOnsiY3JlYXRlIjoxODAwMDAwMDAwMDAwLCJkZWxldGUiOjE4MDAwMDAwMDAwMDAsInVwZGF0ZSI6MTgwMDAwMDAwMDAwMH0sInNjaGVtYV92ZXJzaW9uIjoiMSJ9",
          "dependencies": [
            "google_container_cluster.primary"
          ]
        }
      ]
    }
  ],
  "check_results": []
}
