{
  "version": 4,
  "terraform_version": "1.3.2",
  "serial": 107,
  "lineage": "c5a3b15b-9dee-d1da-6289-54b7cb515568",
  "outputs": {
    "jenkins_ip": {
      "value": "35.198.55.84",
      "type": "string"
    }
  },
  "resources": [
    {
      "mode": "managed",
      "type": "google_compute_instance",
      "name": "jenkinsvm",
      "provider": "provider[\"registry.terraform.io/hashicorp/google\"]",
      "instances": [
        {
          "schema_version": 6,
          "attributes": {
            "allow_stopping_for_update": null,
            "attached_disk": [],
            "boot_disk": [
              {
                "auto_delete": true,
                "device_name": "persistent-disk-0",
                "disk_encryption_key_raw": "",
                "disk_encryption_key_sha256": "",
                "initialize_params": [
                  {
                    "image": "https://www.googleapis.com/compute/v1/projects/debian-cloud/global/images/debian-11-bullseye-v20220920",
                    "labels": {},
                    "size": 10,
                    "type": "pd-standard"
                  }
                ],
                "kms_key_self_link": "",
                "mode": "READ_WRITE",
                "source": "https://www.googleapis.com/compute/v1/projects/kubenews-366023/zones/southamerica-east1-a/disks/jenkinsvm"
              }
            ],
            "can_ip_forward": false,
            "cpu_platform": "Intel Broadwell",
            "deletion_protection": false,
            "description": "",
            "enable_display": false,
            "guest_accelerator": [],
            "hostname": "",
            "id": "projects/kubenews-366023/zones/southamerica-east1-a/instances/jenkinsvm",
            "instance_id": "3874989445476237304",
            "label_fingerprint": "42WmSpB8rSM=",
            "labels": null,
            "machine_type": "e2-micro",
            "metadata": null,
            "metadata_fingerprint": "wY3OrycP6JA=",
            "metadata_startup_script": "",
            "min_cpu_platform": "",
            "name": "jenkinsvm",
            "network_interface": [
              {
                "access_config": [
                  {
                    "nat_ip": "35.198.55.84",
                    "network_tier": "PREMIUM",
                    "public_ptr_domain_name": ""
                  }
                ],
                "alias_ip_range": [],
                "name": "nic0",
                "network": "https://www.googleapis.com/compute/v1/projects/kubenews-366023/global/networks/default",
                "network_ip": "10.158.0.52",
                "subnetwork": "https://www.googleapis.com/compute/v1/projects/kubenews-366023/regions/southamerica-east1/subnetworks/default",
                "subnetwork_project": "kubenews-366023"
              }
            ],
            "project": "kubenews-366023",
            "scheduling": [
              {
                "automatic_restart": true,
                "node_affinities": [],
                "on_host_maintenance": "MIGRATE",
                "preemptible": false
              }
            ],
            "scratch_disk": [],
            "self_link": "https://www.googleapis.com/compute/v1/projects/kubenews-366023/zones/southamerica-east1-a/instances/jenkinsvm",
            "service_account": [],
            "shielded_instance_config": [
              {
                "enable_integrity_monitoring": true,
                "enable_secure_boot": false,
                "enable_vtpm": true
              }
            ],
            "tags": null,
            "tags_fingerprint": "42WmSpB8rSM=",
            "timeouts": null,
            "zone": "southamerica-east1-a"
          },
          "sensitive_attributes": [],
          "private": "eyJlMmJmYjczMC1lY2FhLTExZTYtOGY4OC0zNDM2M2JjN2M0YzAiOnsiY3JlYXRlIjoxMjAwMDAwMDAwMDAwLCJkZWxldGUiOjEyMDAwMDAwMDAwMDAsInVwZGF0ZSI6MTIwMDAwMDAwMDAwMH0sInNjaGVtYV92ZXJzaW9uIjoiNiJ9"
        }
      ]
    },
    {
      "mode": "managed",
      "type": "google_container_cluster",
      "name": "primary",
      "provider": "provider[\"registry.terraform.io/hashicorp/google\"]",
      "instances": [
        {
          "schema_version": 1,
          "attributes": {
            "additional_zones": [],
            "addons_config": [
              {
                "horizontal_pod_autoscaling": [],
                "http_load_balancing": [],
                "kubernetes_dashboard": [],
                "network_policy_config": [
                  {
                    "disabled": true
                  }
                ]
              }
            ],
            "authenticator_groups_config": [],
            "cluster_autoscaling": [
              {
                "auto_provisioning_defaults": [],
                "enabled": false,
                "resource_limits": []
              }
            ],
            "cluster_ipv4_cidr": "10.12.0.0/14",
            "default_max_pods_per_node": 110,
            "description": "",
            "enable_binary_authorization": null,
            "enable_intranode_visibility": null,
            "enable_kubernetes_alpha": false,
            "enable_legacy_abac": false,
            "enable_tpu": null,
            "endpoint": "35.198.4.88",
            "id": "projects/kubenews-366023/locations/southamerica-east1-a/clusters/my-gke-cluster",
            "initial_node_count": 1,
            "instance_group_urls": [],
            "ip_allocation_policy": [
              {
                "cluster_ipv4_cidr_block": "10.12.0.0/14",
                "cluster_secondary_range_name": "gke-my-gke-cluster-pods-5c121215",
                "create_subnetwork": false,
                "node_ipv4_cidr_block": "",
                "services_ipv4_cidr_block": "10.16.0.0/20",
                "services_secondary_range_name": "gke-my-gke-cluster-services-5c121215",
                "subnetwork_name": "",
                "use_ip_aliases": false
              }
            ],
            "location": "southamerica-east1-a",
            "logging_service": "logging.googleapis.com/kubernetes",
            "maintenance_policy": [],
            "master_auth": [
              {
                "client_certificate": "",
                "client_certificate_config": [
                  {
                    "issue_client_certificate": false
                  }
                ],
                "client_key": "",
                "cluster_ca_certificate": "LS0tLS1CRUdJTiBDRVJUSUZJQ0FURS0tLS0tCk1JSUVMRENDQXBTZ0F3SUJBZ0lRS3NDa1VtUlNzSXAvaWNOUGt4NUljekFOQmdrcWhraUc5dzBCQVFzRkFEQXYKTVMwd0t3WURWUVFERXlSbE1qSmxObUpqWWkxaE9XWmxMVFEyT0RVdE9EWmxOeTB3T0dNeU9XWXpORGxoWkdVdwpJQmNOTWpJeE1ESXhNREV4TmpVMFdoZ1BNakExTWpFd01UTXdNakUyTlRSYU1DOHhMVEFyQmdOVkJBTVRKR1V5Ck1tVTJZbU5pTFdFNVptVXRORFk0TlMwNE5tVTNMVEE0WXpJNVpqTTBPV0ZrWlRDQ0FhSXdEUVlKS29aSWh2Y04KQVFFQkJRQURnZ0dQQURDQ0FZb0NnZ0dCQUtsMkJQVW9YNkVOVUcxK1VadU1zRlVDc0dYcFRoeEdhbktYQkRVbApTU2VSN21qNFlpazVsTlE2K0J6WjJMWjlzendraU9URmtCQjd2dWJXOHZUSEpnVy9xUjd6eVZob2FRSVRtMXpKCkJBTjJoM3dUeHlDUDRRVWpJLzA5cGF2SDA5Q1VjeWJZOGQzQnFTK0lDTzZHc25CbEpkNFFQcU5sMUJWM1JiQmEKa0dOa3BEMWNOWThOdG1kamhIOHFsbEo0dHRtMlFsZysvWnh5ZlJranVtMTRKVU9HN21XcG9BYlNYU2FRMzl3YgpCTjdVZVQyM25jYVR5NWNyMVF2ekpmSGQ0WmV0SmE4aU51dGlnZFU0T3pzUnVGVHlFc3pvT1hxaHZUUmdoNlZKClZXNUNWS0FuaHhiSkprTURUazdyZXppUDZQeHNhV2pjaElVbzlqRTJiN0xzR09HRE9tTjJvbm55NW9HYmU4eEwKVUdKcnRhVzJjcjd1bHRVVXZYdjdhcWtnNmRoNG1jVFdKckVvT2FaZkR6cHJDcVgrTCtNbDlSUDNDbVdTdU9SbgpIUUJJODZoczQ5ajhVekVlMzFSeGVpRWtZSFFBUHZyNFNOc0Z2OVUwNkVIVTFSLzJWeWVxNG9ueVZZckRVcmQwCjJOcHhuRy92NHRYUFcvMXJ0bXl6NEg4MDBRSURBUUFCbzBJd1FEQU9CZ05WSFE4QkFmOEVCQU1DQWdRd0R3WUQKVlIwVEFRSC9CQVV3QXdFQi96QWRCZ05WSFE0RUZnUVVQaENyWE43a20vclYxNDBBVU56dWpRQnQyczR3RFFZSgpLb1pJaHZjTkFRRUxCUUFEZ2dHQkFGWkJweFRHeFl2ZHZHZ1A4VzlDSzdydGdrREZkNjJzM2RNaitscFd5OExXCmhpdEJTN2xvOEVZR09ZY2ZTUmZuN0RQNHlyQVlFaTlUVG1oVkJGaCtkNmFTS2I2Y1A2dzAvRU5MQTFjUGprRUIKZnJUUGNkQk9EanNGNUFWL2Fjem9DSlBVendCVWVKS3VKbzU5bGVRTkVRcWpWa2VmYVE5cW5EWFJzeUtwM2JHUgpjdEpVbHR2dnF1MS9lUWxENGV4aDJtYjB5dGhnU2lZK0duc1k0cEtZbS8xY0lzL1VTUDJ1eWlwalB3OTNrZmJJCjRBTlhoWU42QmJ5OVA1bTZPSmdxTWlnSEFiUG1RKzFmQzVra0VUdVUrUWRpRnpqekova1p4aTFaYXNEWHorZisKTmc0R0kxWGxEdUxTVUo4QlV4OTVsZHluWUFFY0kySkphVVRZcE4vV29Nblpsd1o1ZWtoVk1nbm9USjNOUkgwQQpLTFRlUzV1MExYM1lTQnZrdkdjMlJWMHhka25wYWc1QTBTeUZUc3RrWEl5UmtkMVVacWlJWk5FYWxFTFNhV256CkxOSlhDR1hBR2RCRGZGaGQvdHhoWDBSd0RvOWZ0ai8xTi9lWTNRL0Rydm14cExDY25aYitVWHhkbjhFalpKN2YKZUJUWmZaMXRxRUdMaVVDMkJ6VEE2QT09Ci0tLS0tRU5EIENFUlRJRklDQVRFLS0tLS0K",
                "password": "",
                "username": ""
              }
            ],
            "master_authorized_networks_config": [],
            "master_version": "1.22.12-gke.2300",
            "min_master_version": null,
            "monitoring_service": "monitoring.googleapis.com/kubernetes",
            "name": "my-gke-cluster",
            "network": "projects/kubenews-366023/global/networks/default",
            "network_policy": [
              {
                "enabled": false,
                "provider": "PROVIDER_UNSPECIFIED"
              }
            ],
            "node_config": [],
            "node_locations": [],
            "node_pool": [],
            "node_version": "1.22.12-gke.2300",
            "operation": null,
            "pod_security_policy_config": null,
            "private_cluster_config": [],
            "project": "kubenews-366023",
            "region": null,
            "remove_default_node_pool": true,
            "resource_labels": null,
            "services_ipv4_cidr": "10.16.0.0/20",
            "subnetwork": "projects/kubenews-366023/regions/southamerica-east1/subnetworks/default",
            "timeouts": null,
            "vertical_pod_autoscaling": [],
            "zone": null
          },
          "sensitive_attributes": [],
          "private": "eyJlMmJmYjczMC1lY2FhLTExZTYtOGY4OC0zNDM2M2JjN2M0YzAiOnsiY3JlYXRlIjoyNDAwMDAwMDAwMDAwLCJkZWxldGUiOjI0MDAwMDAwMDAwMDAsInVwZGF0ZSI6MzYwMDAwMDAwMDAwMH0sInNjaGVtYV92ZXJzaW9uIjoiMSJ9"
        }
      ]
    },
    {
      "mode": "managed",
      "type": "google_container_node_pool",
      "name": "primary_preemptible_nodes",
      "provider": "provider[\"registry.terraform.io/hashicorp/google\"]",
      "instances": [
        {
          "schema_version": 1,
          "attributes": {
            "autoscaling": [],
            "cluster": "my-gke-cluster",
            "id": "projects/kubenews-366023/locations/southamerica-east1-a/clusters/my-gke-cluster/nodePools/my-node-pool",
            "initial_node_count": 3,
            "instance_group_urls": [
              "https://www.googleapis.com/compute/v1/projects/kubenews-366023/zones/southamerica-east1-a/instanceGroupManagers/gke-my-gke-cluster-my-node-pool-8628f069-grp"
            ],
            "location": "southamerica-east1-a",
            "management": [
              {
                "auto_repair": true,
                "auto_upgrade": true
              }
            ],
            "max_pods_per_node": 110,
            "name": "my-node-pool",
            "name_prefix": "",
            "node_config": [
              {
                "disk_size_gb": 100,
                "disk_type": "pd-standard",
                "guest_accelerator": [],
                "image_type": "COS_CONTAINERD",
                "labels": {},
                "local_ssd_count": 0,
                "machine_type": "e2-micro",
                "metadata": {
                  "disable-legacy-endpoints": "true"
                },
                "min_cpu_platform": "",
                "oauth_scopes": [
                  "https://www.googleapis.com/auth/logging.write",
                  "https://www.googleapis.com/auth/monitoring"
                ],
                "preemptible": false,
                "sandbox_config": [],
                "service_account": "default",
                "shielded_instance_config": [
                  {
                    "enable_integrity_monitoring": true,
                    "enable_secure_boot": false
                  }
                ],
                "tags": null,
                "taint": [],
                "workload_metadata_config": []
              }
            ],
            "node_count": 3,
            "project": "kubenews-366023",
            "region": null,
            "timeouts": null,
            "version": "1.22.12-gke.2300",
            "zone": null
          },
          "sensitive_attributes": [],
          "private": "eyJlMmJmYjczMC1lY2FhLTExZTYtOGY4OC0zNDM2M2JjN2M0YzAiOnsiY3JlYXRlIjoxODAwMDAwMDAwMDAwLCJkZWxldGUiOjE4MDAwMDAwMDAwMDAsInVwZGF0ZSI6MTgwMDAwMDAwMDAwMH0sInNjaGVtYV92ZXJzaW9uIjoiMSJ9",
          "dependencies": [
            "google_container_cluster.primary"
          ]
        }
      ]
    }
  ],
  "check_results": []
}
