{
  "version": 4,
  "terraform_version": "1.3.2",
  "serial": 23,
  "lineage": "c5a3b15b-9dee-d1da-6289-54b7cb515568",
  "outputs": {},
  "resources": [
    {
      "mode": "managed",
      "type": "google_compute_instance",
      "name": "jenkinsvm",
      "provider": "provider[\"registry.terraform.io/hashicorp/google\"]",
      "instances": [
        {
          "schema_version": 6,
          "attributes": {
            "allow_stopping_for_update": null,
            "attached_disk": [],
            "boot_disk": [
              {
                "auto_delete": true,
                "device_name": "persistent-disk-0",
                "disk_encryption_key_raw": "",
                "disk_encryption_key_sha256": "",
                "initialize_params": [
                  {
                    "image": "https://www.googleapis.com/compute/v1/projects/debian-cloud/global/images/debian-11-bullseye-v20220920",
                    "labels": {},
                    "size": 10,
                    "type": "pd-standard"
                  }
                ],
                "kms_key_self_link": "",
                "mode": "READ_WRITE",
                "source": "https://www.googleapis.com/compute/v1/projects/kubenews-366023/zones/southamerica-east1-a/disks/jenkinsvm"
              }
            ],
            "can_ip_forward": false,
            "cpu_platform": "Intel Broadwell",
            "deletion_protection": false,
            "description": "",
            "enable_display": false,
            "guest_accelerator": [],
            "hostname": "",
            "id": "projects/kubenews-366023/zones/southamerica-east1-a/instances/jenkinsvm",
            "instance_id": "4891065015630371938",
            "label_fingerprint": "42WmSpB8rSM=",
            "labels": {},
            "machine_type": "e2-micro",
            "metadata": {},
            "metadata_fingerprint": "Ni2_lqEzuUM=",
            "metadata_startup_script": "echo hi \u003e /test.txt",
            "min_cpu_platform": "",
            "name": "jenkinsvm",
            "network_interface": [
              {
                "access_config": [
                  {
                    "nat_ip": "34.95.241.199",
                    "network_tier": "PREMIUM",
                    "public_ptr_domain_name": ""
                  }
                ],
                "alias_ip_range": [],
                "name": "nic0",
                "network": "https://www.googleapis.com/compute/v1/projects/kubenews-366023/global/networks/default",
                "network_ip": "10.158.0.2",
                "subnetwork": "https://www.googleapis.com/compute/v1/projects/kubenews-366023/regions/southamerica-east1/subnetworks/default",
                "subnetwork_project": "kubenews-366023"
              }
            ],
            "project": "kubenews-366023",
            "scheduling": [
              {
                "automatic_restart": true,
                "node_affinities": [],
                "on_host_maintenance": "MIGRATE",
                "preemptible": false
              }
            ],
            "scratch_disk": [],
            "self_link": "https://www.googleapis.com/compute/v1/projects/kubenews-366023/zones/southamerica-east1-a/instances/jenkinsvm",
            "service_account": [],
            "shielded_instance_config": [
              {
                "enable_integrity_monitoring": true,
                "enable_secure_boot": false,
                "enable_vtpm": true
              }
            ],
            "tags": [],
            "tags_fingerprint": "42WmSpB8rSM=",
            "timeouts": null,
            "zone": "southamerica-east1-a"
          },
          "sensitive_attributes": [],
          "private": "eyJlMmJmYjczMC1lY2FhLTExZTYtOGY4OC0zNDM2M2JjN2M0YzAiOnsiY3JlYXRlIjoxMjAwMDAwMDAwMDAwLCJkZWxldGUiOjEyMDAwMDAwMDAwMDAsInVwZGF0ZSI6MTIwMDAwMDAwMDAwMH0sInNjaGVtYV92ZXJzaW9uIjoiNiJ9"
        }
      ]
    },
    {
      "mode": "managed",
      "type": "google_container_cluster",
      "name": "primary",
      "provider": "provider[\"registry.terraform.io/hashicorp/google\"]",
      "instances": [
        {
          "schema_version": 1,
          "attributes": {
            "additional_zones": [],
            "addons_config": [
              {
                "horizontal_pod_autoscaling": [],
                "http_load_balancing": [],
                "kubernetes_dashboard": [],
                "network_policy_config": [
                  {
                    "disabled": true
                  }
                ]
              }
            ],
            "authenticator_groups_config": [],
            "cluster_autoscaling": [
              {
                "auto_provisioning_defaults": [],
                "enabled": false,
                "resource_limits": []
              }
            ],
            "cluster_ipv4_cidr": "10.16.0.0/14",
            "default_max_pods_per_node": 110,
            "description": "",
            "enable_binary_authorization": null,
            "enable_intranode_visibility": null,
            "enable_kubernetes_alpha": false,
            "enable_legacy_abac": false,
            "enable_tpu": null,
            "endpoint": "34.95.195.135",
            "id": "projects/kubenews-366023/locations/southamerica-east1/clusters/kubenews-cluster",
            "initial_node_count": 2,
            "instance_group_urls": [
              "https://www.googleapis.com/compute/v1/projects/kubenews-366023/zones/southamerica-east1-b/instanceGroups/gke-kubenews-cluster-default-pool-e8ac17e0-grp",
              "https://www.googleapis.com/compute/v1/projects/kubenews-366023/zones/southamerica-east1-c/instanceGroups/gke-kubenews-cluster-default-pool-a589d646-grp",
              "https://www.googleapis.com/compute/v1/projects/kubenews-366023/zones/southamerica-east1-a/instanceGroups/gke-kubenews-cluster-default-pool-18813305-grp"
            ],
            "ip_allocation_policy": [
              {
                "cluster_ipv4_cidr_block": "10.16.0.0/14",
                "cluster_secondary_range_name": "gke-kubenews-cluster-pods-1a6cf198",
                "create_subnetwork": false,
                "node_ipv4_cidr_block": "",
                "services_ipv4_cidr_block": "10.20.0.0/20",
                "services_secondary_range_name": "gke-kubenews-cluster-services-1a6cf198",
                "subnetwork_name": "",
                "use_ip_aliases": false
              }
            ],
            "location": "southamerica-east1",
            "logging_service": "logging.googleapis.com/kubernetes",
            "maintenance_policy": [],
            "master_auth": [
              {
                "client_certificate": "",
                "client_certificate_config": [
                  {
                    "issue_client_certificate": false
                  }
                ],
                "client_key": "",
                "cluster_ca_certificate": "LS0tLS1CRUdJTiBDRVJUSUZJQ0FURS0tLS0tCk1JSUVMVENDQXBXZ0F3SUJBZ0lSQVBNbFRBL3cvUDkvckZKRnF1UktwdkF3RFFZSktvWklodmNOQVFFTEJRQXcKTHpFdE1Dc0dBMVVFQXhNa05tSXdOMlUxWXpZdE9XVmhPQzAwWXpFMUxXRXpORFV0WW1JNFpEQXdZVGMyWXpKbQpNQ0FYRFRJeU1UQXlNREF3TlRReE9Wb1lEekl3TlRJeE1ERXlNREUxTkRFNVdqQXZNUzB3S3dZRFZRUURFeVEyCllqQTNaVFZqTmkwNVpXRTRMVFJqTVRVdFlUTTBOUzFpWWpoa01EQmhOelpqTW1Zd2dnR2lNQTBHQ1NxR1NJYjMKRFFFQkFRVUFBNElCandBd2dnR0tBb0lCZ1FEbnpTZ21BdnZxQ1pub0V6bjFialZ5VHg1bHZ1bVFQT1RwVEU1bgpaQW42SnpDWkppVHArQUZjdmU0bjNqNGh4am11MUNBbisyc1RrZjdCa0NoRmdjL3JiZ2UyaGxKZEJSQ2MxQ0tRCk9VdnVVL2hvVWRRTTJFVUF0Tk1hSEwwWjJUWDhNUi9TQVVMWXNuQkd3R2p1NTBaOW5zVXVzT3NKaVJCV2tFaTQKaEd5N0lXSnIyR2RnaEZGdGdpZTAzclR1aFg5VVhVak15bUJLWXdhUmtacVVrRldZcFRLWmVCRmxGVWJYcDFFcwp4by9jTURjWDRIMzhGY1NOMjQxQWl3QnpTVzBNWVVpaGtwaUVPYjJ2Z2hHZm16YnVQRTB2NGd5Y2FtZlNHL3ZNCjR2MHI1MmhsckE2LzFkVzNvdjU1UTVOUU5FaXF2SytnRHFTOXNBd1BHTEwrWnNvSk1tcnZFZDZSOEtzK1U2RVQKSitleXA2VzNtbklJdm9TcTRnR3VqM1NLYUx6VUdnWndJM0ZCbVJpU0ZNeC9TVjBIQmtZSGJEZ3B6eldyMWFPRQpXb2FIN05xUmFkMEpsVlVlL2RVZWZKa2R0REt3T25mc1hqYWV5TTI0ZEVSSDU4NXhrNDZ3dldlakZDMGNnOXhyClRlZmxNUVRmR2R5Z3luL2pVWkpBNlEveXFPOENBd0VBQWFOQ01FQXdEZ1lEVlIwUEFRSC9CQVFEQWdJRU1BOEcKQTFVZEV3RUIvd1FGTUFNQkFmOHdIUVlEVlIwT0JCWUVGTm1pK3Q0eHdhcU9MWkJVVlc1Z1Zwa1Y0RlFuTUEwRwpDU3FHU0liM0RRRUJDd1VBQTRJQmdRQzVkVFQ0RFo4N21Udm1QbnYxMFBqaEo3TVpSQTBTbVJ1eU13QzJ5TFJICkloTzJzQm1LWEVscWc5LzJhQ2Q1bHhIWVVSUGJ0ZzdTZWFRMlltcDBTNURjc3RObU1wc3lIcVN0OWZkLy9pSXUKc3pPYXFOTGphVm5GWTRxd1laR1R6NXIrQzg2T3JubllHTEV5UlBQaWJpRDl3eHYySEo2ZmlGckp2aldEQklWdgpXYlVyNG1jZHArSGkzd2FmNFRZY0tFY28vQTdMMUNFU0l3UmR0ZzRYaDE3UGFCSEhneTlPQml1ZElLa04vUnJZClpaZ0w2MTRadzRSTDZVVG43RFVoc1VyVWd5eTBRZ25SSXdybGlsMlJSaExjY1RUK0UzcWVENHJKQURQd0dOTFoKL3FTWHBoMmVodkhEL1dnT1lLcGp1TGxnbE00cVFvTXNzSmMzR2NIRFIrMDVnMU9DZlJnSEpSd2VpRlFTMjB1MApNaEp6ZmVVTTY4TFEzV0RHZ21GMEdRNGZYYTNURDcxTXpzR08rVHFpNU9ZdGhlaWNMQ2pxbGxoK2JzVnR0c3d1ClZ0d1hKdVNTcUNNZDlBOXpIckV0WGYxVnJ2Vm5zRU1JUEdIclE5Mkd1U3FKNmdUcUlIR043OEtaUitYM1NEN2QKdE1jRllhOUVNb2FxWEJ4T1RyNmNtQUE9Ci0tLS0tRU5EIENFUlRJRklDQVRFLS0tLS0K",
                "password": "",
                "username": ""
              }
            ],
            "master_authorized_networks_config": [],
            "master_version": "1.22.12-gke.2300",
            "min_master_version": null,
            "monitoring_service": "monitoring.googleapis.com/kubernetes",
            "name": "kubenews-cluster",
            "network": "projects/kubenews-366023/global/networks/default",
            "network_policy": [
              {
                "enabled": false,
                "provider": "PROVIDER_UNSPECIFIED"
              }
            ],
            "node_config": [
              {
                "disk_size_gb": 100,
                "disk_type": "pd-standard",
                "guest_accelerator": [],
                "image_type": "COS_CONTAINERD",
                "labels": {},
                "local_ssd_count": 0,
                "machine_type": "e2-medium",
                "metadata": {
                  "disable-legacy-endpoints": "true"
                },
                "min_cpu_platform": "",
                "oauth_scopes": [
                  "https://www.googleapis.com/auth/devstorage.read_only",
                  "https://www.googleapis.com/auth/logging.write",
                  "https://www.googleapis.com/auth/monitoring",
                  "https://www.googleapis.com/auth/service.management.readonly",
                  "https://www.googleapis.com/auth/servicecontrol",
                  "https://www.googleapis.com/auth/trace.append"
                ],
                "preemptible": false,
                "sandbox_config": [],
                "service_account": "default",
                "shielded_instance_config": [
                  {
                    "enable_integrity_monitoring": true,
                    "enable_secure_boot": false
                  }
                ],
                "tags": [],
                "taint": [],
                "workload_metadata_config": []
              }
            ],
            "node_locations": [
              "southamerica-east1-a",
              "southamerica-east1-b",
              "southamerica-east1-c"
            ],
            "node_pool": [
              {
                "autoscaling": [],
                "initial_node_count": 2,
                "instance_group_urls": [
                  "https://www.googleapis.com/compute/v1/projects/kubenews-366023/zones/southamerica-east1-b/instanceGroupManagers/gke-kubenews-cluster-default-pool-e8ac17e0-grp",
                  "https://www.googleapis.com/compute/v1/projects/kubenews-366023/zones/southamerica-east1-c/instanceGroupManagers/gke-kubenews-cluster-default-pool-a589d646-grp",
                  "https://www.googleapis.com/compute/v1/projects/kubenews-366023/zones/southamerica-east1-a/instanceGroupManagers/gke-kubenews-cluster-default-pool-18813305-grp"
                ],
                "management": [
                  {
                    "auto_repair": true,
                    "auto_upgrade": true
                  }
                ],
                "max_pods_per_node": 110,
                "name": "default-pool",
                "name_prefix": "",
                "node_config": [
                  {
                    "disk_size_gb": 100,
                    "disk_type": "pd-standard",
                    "guest_accelerator": [],
                    "image_type": "COS_CONTAINERD",
                    "labels": {},
                    "local_ssd_count": 0,
                    "machine_type": "e2-medium",
                    "metadata": {
                      "disable-legacy-endpoints": "true"
                    },
                    "min_cpu_platform": "",
                    "oauth_scopes": [
                      "https://www.googleapis.com/auth/devstorage.read_only",
                      "https://www.googleapis.com/auth/logging.write",
                      "https://www.googleapis.com/auth/monitoring",
                      "https://www.googleapis.com/auth/service.management.readonly",
                      "https://www.googleapis.com/auth/servicecontrol",
                      "https://www.googleapis.com/auth/trace.append"
                    ],
                    "preemptible": false,
                    "sandbox_config": [],
                    "service_account": "default",
                    "shielded_instance_config": [
                      {
                        "enable_integrity_monitoring": true,
                        "enable_secure_boot": false
                      }
                    ],
                    "tags": [],
                    "taint": [],
                    "workload_metadata_config": []
                  }
                ],
                "node_count": 2,
                "version": "1.22.12-gke.2300"
              }
            ],
            "node_version": "1.22.12-gke.2300",
            "operation": null,
            "pod_security_policy_config": [],
            "private_cluster_config": [],
            "project": "kubenews-366023",
            "region": null,
            "remove_default_node_pool": null,
            "resource_labels": {},
            "services_ipv4_cidr": "10.20.0.0/20",
            "subnetwork": "projects/kubenews-366023/regions/southamerica-east1/subnetworks/default",
            "timeouts": null,
            "vertical_pod_autoscaling": [],
            "zone": null
          },
          "sensitive_attributes": [],
          "private": "eyJlMmJmYjczMC1lY2FhLTExZTYtOGY4OC0zNDM2M2JjN2M0YzAiOnsiY3JlYXRlIjoyNDAwMDAwMDAwMDAwLCJkZWxldGUiOjI0MDAwMDAwMDAwMDAsInVwZGF0ZSI6MzYwMDAwMDAwMDAwMH0sInNjaGVtYV92ZXJzaW9uIjoiMSJ9"
        }
      ]
    },
    {
      "mode": "managed",
      "type": "google_container_node_pool",
      "name": "primary_preemptible_nodes",
      "provider": "provider[\"registry.terraform.io/hashicorp/google\"]",
      "instances": []
    }
  ],
  "check_results": null
}
